
Microsoft Visual Studio Solution File, Format Version 12.00
# Visual Studio Version 17
VisualStudioVersion = 17.10.35004.147
MinimumVisualStudioVersion = 10.0.40219.1
Project("{9A19103F-16F7-4668-BE54-9A1E7A4F7556}") = "bike_project", "bike_project\bike_project.csproj", "{B2F8ED97-9F02-483B-891F-CD6C97BDD641}"
EndProject
Global
	GlobalSection(SolutionConfigurationPlatforms) = preSolution
		Debug|Any CPU = Debug|Any CPU
		Release|Any CPU = Release|Any CPU
	EndGlobalSection
	GlobalSection(ProjectConfigurationPlatforms) = postSolution
		{B2F8ED97-9F02-483B-891F-CD6C97BDD641}.Debug|Any CPU.ActiveCfg = Debug|Any CPU
		{B2F8ED97-9F02-483B-891F-CD6C97BDD641}.Debug|Any CPU.Build.0 = Debug|Any CPU
		{B2F8ED97-9F02-483B-891F-CD6C97BDD641}.Release|Any CPU.ActiveCfg = Release|Any CPU
		{B2F8ED97-9F02-483B-891F-CD6C97BDD641}.Release|Any CPU.Build.0 = Release|Any CPU
	EndGlobalSection
	GlobalSection(SolutionProperties) = preSolution
		HideSolutionNode = FALSE
	EndGlobalSection
	GlobalSection(ExtensibilityGlobals) = postSolution
		SolutionGuid = {A53876D2-5237-44B8-82B2-5B43922A9159}
	EndGlobalSection
EndGlobal
